
Microsoft Visual Studio Solution File, Format Version 12.00
# Visual Studio Version 17
VisualStudioVersion = 17.5.002.0
MinimumVisualStudioVersion = 10.0.40219.1
Project("{9A19103F-16F7-4668-BE54-9A1E7A4F7556}") = "task5", "task5.csproj", "{EA02AC71-DD52-4C71-B8D8-CD0C88FB364A}"
EndProject
Global
	GlobalSection(SolutionConfigurationPlatforms) = preSolution
		Debug|Any CPU = Debug|Any CPU
		Release|Any CPU = Release|Any CPU
	EndGlobalSection
	GlobalSection(ProjectConfigurationPlatforms) = postSolution
		{EA02AC71-DD52-4C71-B8D8-CD0C88FB364A}.Debug|Any CPU.ActiveCfg = Debug|Any CPU
		{EA02AC71-DD52-4C71-B8D8-CD0C88FB364A}.Debug|Any CPU.Build.0 = Debug|Any CPU
		{EA02AC71-DD52-4C71-B8D8-CD0C88FB364A}.Release|Any CPU.ActiveCfg = Release|Any CPU
		{EA02AC71-DD52-4C71-B8D8-CD0C88FB364A}.Release|Any CPU.Build.0 = Release|Any CPU
	EndGlobalSection
	GlobalSection(SolutionProperties) = preSolution
		HideSolutionNode = FALSE
	EndGlobalSection
	GlobalSection(ExtensibilityGlobals) = postSolution
		SolutionGuid = {C398DA01-A5BD-4964-B136-F02E09646498}
	EndGlobalSection
EndGlobal
